// !$*UTF8*$!
{
	archiveVersion = 1;
	classes = {
	};
	objectVersion = 56;
	objects = {

/* Begin PBXBuildFile section */
		8BCD91CF2B7F0FB500EF5B6B /* FootSize.swift in Sources */ = {isa = PBXBuildFile; fileRef = 8BCD91CE2B7F0FB500EF5B6B /* FootSize.swift */; };
		8BDA18962B7E3C4B009F0961 /* MainTabBarController.swift in Sources */ = {isa = PBXBuildFile; fileRef = 8BDA18952B7E3C4B009F0961 /* MainTabBarController.swift */; };
		8BDA18982B7E3D9B009F0961 /* Colors.xcassets in Resources */ = {isa = PBXBuildFile; fileRef = 8BDA18972B7E3D9B009F0961 /* Colors.xcassets */; };
		8BDA189E2B7E4D25009F0961 /* UIView+Extention.swift in Sources */ = {isa = PBXBuildFile; fileRef = 8BDA189D2B7E4D25009F0961 /* UIView+Extention.swift */; };
		8BDA18A12B7E5EF8009F0961 /* UIViewController+Extension.swift in Sources */ = {isa = PBXBuildFile; fileRef = 8BDA18A02B7E5EF8009F0961 /* UIViewController+Extension.swift */; };
		8BDA18A32B7E849B009F0961 /* UserDataViewController.swift in Sources */ = {isa = PBXBuildFile; fileRef = 8BDA18A22B7E849B009F0961 /* UserDataViewController.swift */; };
		DA87556F2B7DF649009B8CFF /* ProfileViewController.swift in Sources */ = {isa = PBXBuildFile; fileRef = DA87556E2B7DF649009B8CFF /* ProfileViewController.swift */; };
		DA9241192B837AAB00F30C77 /* 1CartViewController.swift in Sources */ = {isa = PBXBuildFile; fileRef = DA92410F2B837AAA00F30C77 /* 1CartViewController.swift */; };
		DA92411A2B837AAB00F30C77 /* 1SizeViewController.swift in Sources */ = {isa = PBXBuildFile; fileRef = DA9241102B837AAA00F30C77 /* 1SizeViewController.swift */; };
		DA92411E2B837AAB00F30C77 /* 1ShoesViewController.swift in Sources */ = {isa = PBXBuildFile; fileRef = DA9241142B837AAA00F30C77 /* 1ShoesViewController.swift */; };
		DA92411F2B837AAB00F30C77 /* 1Model.swift in Sources */ = {isa = PBXBuildFile; fileRef = DA9241152B837AAA00F30C77 /* 1Model.swift */; };
		DA9241202B837AAB00F30C77 /* 1UIViewController+Extension.swift in Sources */ = {isa = PBXBuildFile; fileRef = DA9241162B837AAA00F30C77 /* 1UIViewController+Extension.swift */; };
		DA9241212B837AAB00F30C77 /* 1CatalogViewController.swift in Sources */ = {isa = PBXBuildFile; fileRef = DA9241172B837AAB00F30C77 /* 1CatalogViewController.swift */; };
		DAA417DB2B7146B400CF714D /* AppDelegate.swift in Sources */ = {isa = PBXBuildFile; fileRef = DAA417DA2B7146B400CF714D /* AppDelegate.swift */; };
		DAA417DD2B7146B400CF714D /* SceneDelegate.swift in Sources */ = {isa = PBXBuildFile; fileRef = DAA417DC2B7146B400CF714D /* SceneDelegate.swift */; };
		DAA417E42B7146B600CF714D /* Assets.xcassets in Resources */ = {isa = PBXBuildFile; fileRef = DAA417E32B7146B600CF714D /* Assets.xcassets */; };
		DAA417E72B7146B600CF714D /* LaunchScreen.storyboard in Resources */ = {isa = PBXBuildFile; fileRef = DAA417E52B7146B600CF714D /* LaunchScreen.storyboard */; };
/* End PBXBuildFile section */

/* Begin PBXFileReference section */
		8BCD91CE2B7F0FB500EF5B6B /* FootSize.swift */ = {isa = PBXFileReference; lastKnownFileType = sourcecode.swift; path = FootSize.swift; sourceTree = "<group>"; };
		8BDA18952B7E3C4B009F0961 /* MainTabBarController.swift */ = {isa = PBXFileReference; lastKnownFileType = sourcecode.swift; path = MainTabBarController.swift; sourceTree = "<group>"; };
		8BDA18972B7E3D9B009F0961 /* Colors.xcassets */ = {isa = PBXFileReference; lastKnownFileType = folder.assetcatalog; path = Colors.xcassets; sourceTree = "<group>"; };
		8BDA189D2B7E4D25009F0961 /* UIView+Extention.swift */ = {isa = PBXFileReference; lastKnownFileType = sourcecode.swift; path = "UIView+Extention.swift"; sourceTree = "<group>"; };
		8BDA18A02B7E5EF8009F0961 /* UIViewController+Extension.swift */ = {isa = PBXFileReference; lastKnownFileType = sourcecode.swift; path = "UIViewController+Extension.swift"; sourceTree = "<group>"; };
		8BDA18A22B7E849B009F0961 /* UserDataViewController.swift */ = {isa = PBXFileReference; lastKnownFileType = sourcecode.swift; path = UserDataViewController.swift; sourceTree = "<group>"; };
		DA87556E2B7DF649009B8CFF /* ProfileViewController.swift */ = {isa = PBXFileReference; lastKnownFileType = sourcecode.swift; path = ProfileViewController.swift; sourceTree = "<group>"; };
		DA92410F2B837AAA00F30C77 /* 1CartViewController.swift */ = {isa = PBXFileReference; fileEncoding = 4; lastKnownFileType = sourcecode.swift; name = 1CartViewController.swift; path = UIKitDZ/1CartViewController.swift; sourceTree = SOURCE_ROOT; };
		DA9241102B837AAA00F30C77 /* 1SizeViewController.swift */ = {isa = PBXFileReference; fileEncoding = 4; lastKnownFileType = sourcecode.swift; name = 1SizeViewController.swift; path = UIKitDZ/1SizeViewController.swift; sourceTree = SOURCE_ROOT; };
		DA9241112B837AAA00F30C77 /* Info.plist */ = {isa = PBXFileReference; lastKnownFileType = text.plist.xml; name = Info.plist; path = UIKitDZ/Info.plist; sourceTree = SOURCE_ROOT; };
		DA9241142B837AAA00F30C77 /* 1ShoesViewController.swift */ = {isa = PBXFileReference; fileEncoding = 4; lastKnownFileType = sourcecode.swift; name = 1ShoesViewController.swift; path = UIKitDZ/1ShoesViewController.swift; sourceTree = SOURCE_ROOT; };
		DA9241152B837AAA00F30C77 /* 1Model.swift */ = {isa = PBXFileReference; fileEncoding = 4; lastKnownFileType = sourcecode.swift; name = 1Model.swift; path = UIKitDZ/1Model.swift; sourceTree = SOURCE_ROOT; };
		DA9241162B837AAA00F30C77 /* 1UIViewController+Extension.swift */ = {isa = PBXFileReference; fileEncoding = 4; lastKnownFileType = sourcecode.swift; name = "1UIViewController+Extension.swift"; path = "UIKitDZ/1UIViewController+Extension.swift"; sourceTree = SOURCE_ROOT; };
		DA9241172B837AAB00F30C77 /* 1CatalogViewController.swift */ = {isa = PBXFileReference; fileEncoding = 4; lastKnownFileType = sourcecode.swift; name = 1CatalogViewController.swift; path = UIKitDZ/1CatalogViewController.swift; sourceTree = SOURCE_ROOT; };
		DAA417D72B7146B400CF714D /* UIKitDZ.app */ = {isa = PBXFileReference; explicitFileType = wrapper.application; includeInIndex = 0; path = UIKitDZ.app; sourceTree = BUILT_PRODUCTS_DIR; };
		DAA417DA2B7146B400CF714D /* AppDelegate.swift */ = {isa = PBXFileReference; lastKnownFileType = sourcecode.swift; path = AppDelegate.swift; sourceTree = "<group>"; };
		DAA417DC2B7146B400CF714D /* SceneDelegate.swift */ = {isa = PBXFileReference; lastKnownFileType = sourcecode.swift; path = SceneDelegate.swift; sourceTree = "<group>"; };
		DAA417E32B7146B600CF714D /* Assets.xcassets */ = {isa = PBXFileReference; lastKnownFileType = folder.assetcatalog; path = Assets.xcassets; sourceTree = "<group>"; };
		DAA417E62B7146B600CF714D /* Base */ = {isa = PBXFileReference; lastKnownFileType = file.storyboard; name = Base; path = Base.lproj/LaunchScreen.storyboard; sourceTree = "<group>"; };
/* End PBXFileReference section */

/* Begin PBXFrameworksBuildPhase section */
		DAA417D42B7146B400CF714D /* Frameworks */ = {
			isa = PBXFrameworksBuildPhase;
			buildActionMask = 2147483647;
			files = (
			);
			runOnlyForDeploymentPostprocessing = 0;
		};
/* End PBXFrameworksBuildPhase section */

/* Begin PBXGroup section */
		8BDA18992B7E4CB1009F0961 /* Extension */ = {
			isa = PBXGroup;
			children = (
				8BDA189D2B7E4D25009F0961 /* UIView+Extention.swift */,
				8BDA18A02B7E5EF8009F0961 /* UIViewController+Extension.swift */,
			);
			path = Extension;
			sourceTree = "<group>";
		};
		8BDA189A2B7E4CBE009F0961 /* Controller */ = {
			isa = PBXGroup;
			children = (
				8BDA18952B7E3C4B009F0961 /* MainTabBarController.swift */,
				DA87556E2B7DF649009B8CFF /* ProfileViewController.swift */,
				8BDA18A22B7E849B009F0961 /* UserDataViewController.swift */,
			);
			path = Controller;
			sourceTree = "<group>";
		};
		8BDA189B2B7E4CCE009F0961 /* Supporting Files */ = {
			isa = PBXGroup;
			children = (
				DAA417DA2B7146B400CF714D /* AppDelegate.swift */,
				DA92410F2B837AAA00F30C77 /* 1CartViewController.swift */,
				DA9241172B837AAB00F30C77 /* 1CatalogViewController.swift */,
				DA9241152B837AAA00F30C77 /* 1Model.swift */,
				DA9241142B837AAA00F30C77 /* 1ShoesViewController.swift */,
				DA9241102B837AAA00F30C77 /* 1SizeViewController.swift */,
				DA9241162B837AAA00F30C77 /* 1UIViewController+Extension.swift */,
				DAA417DC2B7146B400CF714D /* SceneDelegate.swift */,
			);
			path = "Supporting Files";
			sourceTree = "<group>";
		};
		8BDA189C2B7E4CE2009F0961 /* Model */ = {
			isa = PBXGroup;
			children = (
				8BCD91CE2B7F0FB500EF5B6B /* FootSize.swift */,
			);
			path = Model;
			sourceTree = "<group>";
		};
		DAA417CE2B7146B400CF714D = {
			isa = PBXGroup;
			children = (
				DAA417D92B7146B400CF714D /* UIKitDZ */,
				DAA417D82B7146B400CF714D /* Products */,
			);
			sourceTree = "<group>";
		};
		DAA417D82B7146B400CF714D /* Products */ = {
			isa = PBXGroup;
			children = (
				DAA417D72B7146B400CF714D /* UIKitDZ.app */,
			);
			name = Products;
			sourceTree = "<group>";
		};
		DAA417D92B7146B400CF714D /* UIKitDZ */ = {
			isa = PBXGroup;
			children = (
				8BDA189B2B7E4CCE009F0961 /* Supporting Files */,
				8BDA189A2B7E4CBE009F0961 /* Controller */,
				8BDA189C2B7E4CE2009F0961 /* Model */,
				8BDA18992B7E4CB1009F0961 /* Extension */,
				DAA417E32B7146B600CF714D /* Assets.xcassets */,
				8BDA18972B7E3D9B009F0961 /* Colors.xcassets */,
				DAA417E52B7146B600CF714D /* LaunchScreen.storyboard */,
				DA9241112B837AAA00F30C77 /* Info.plist */,
			);
			path = UIKitDZ;
			sourceTree = "<group>";
		};
/* End PBXGroup section */

/* Begin PBXNativeTarget section */
		DAA417D62B7146B400CF714D /* UIKitDZ */ = {
			isa = PBXNativeTarget;
			buildConfigurationList = DAA417EB2B7146B600CF714D /* Build configuration list for PBXNativeTarget "UIKitDZ" */;
			buildPhases = (
				DAA417D32B7146B400CF714D /* Sources */,
				DAA417D42B7146B400CF714D /* Frameworks */,
				DAA417D52B7146B400CF714D /* Resources */,
				DAF33DA62B71626600009CB2 /* SwiftFormat */,
				DAA417EF2B7149F800CF714D /* SwiftLint */,
			);
			buildRules = (
			);
			dependencies = (
			);
			name = UIKitDZ;
			productName = UIKitDZ;
			productReference = DAA417D72B7146B400CF714D /* UIKitDZ.app */;
			productType = "com.apple.product-type.application";
		};
/* End PBXNativeTarget section */

/* Begin PBXProject section */
		DAA417CF2B7146B400CF714D /* Project object */ = {
			isa = PBXProject;
			attributes = {
				BuildIndependentTargetsInParallel = 1;
				LastSwiftUpdateCheck = 1410;
				LastUpgradeCheck = 1410;
				TargetAttributes = {
					DAA417D62B7146B400CF714D = {
						CreatedOnToolsVersion = 14.1;
					};
				};
			};
			buildConfigurationList = DAA417D22B7146B400CF714D /* Build configuration list for PBXProject "UIKitDZ" */;
			compatibilityVersion = "Xcode 14.0";
			developmentRegion = en;
			hasScannedForEncodings = 0;
			knownRegions = (
				en,
				Base,
			);
			mainGroup = DAA417CE2B7146B400CF714D;
			productRefGroup = DAA417D82B7146B400CF714D /* Products */;
			projectDirPath = "";
			projectRoot = "";
			targets = (
				DAA417D62B7146B400CF714D /* UIKitDZ */,
			);
		};
/* End PBXProject section */

/* Begin PBXResourcesBuildPhase section */
		DAA417D52B7146B400CF714D /* Resources */ = {
			isa = PBXResourcesBuildPhase;
			buildActionMask = 2147483647;
			files = (
				8BDA18982B7E3D9B009F0961 /* Colors.xcassets in Resources */,
				DAA417E72B7146B600CF714D /* LaunchScreen.storyboard in Resources */,
				DAA417E42B7146B600CF714D /* Assets.xcassets in Resources */,
			);
			runOnlyForDeploymentPostprocessing = 0;
		};
/* End PBXResourcesBuildPhase section */

/* Begin PBXShellScriptBuildPhase section */
		DAA417EF2B7149F800CF714D /* SwiftLint */ = {
			isa = PBXShellScriptBuildPhase;
			alwaysOutOfDate = 1;
			buildActionMask = 2147483647;
			files = (
			);
			inputFileListPaths = (
			);
			inputPaths = (
			);
			name = SwiftLint;
			outputFileListPaths = (
			);
			outputPaths = (
			);
			runOnlyForDeploymentPostprocessing = 0;
			shellPath = /bin/sh;
			shellScript = "if [[ \"$(uname -m)\" == arm64 ]]; then\n    export PATH=\"/opt/homebrew/bin:$PATH\"\nfi\n\nif which swiftlint > /dev/null; then\n  swiftlint\nelse\n  echo \"warning: SwiftLint not installed, download from https://github.com/realm/SwiftLint\"\nfi\n";
			showEnvVarsInLog = 0;
		};
		DAF33DA62B71626600009CB2 /* SwiftFormat */ = {
			isa = PBXShellScriptBuildPhase;
			alwaysOutOfDate = 1;
			buildActionMask = 2147483647;
			files = (
			);
			inputFileListPaths = (
			);
			inputPaths = (
			);
			name = SwiftFormat;
			outputFileListPaths = (
			);
			outputPaths = (
			);
			runOnlyForDeploymentPostprocessing = 0;
			shellPath = /bin/sh;
			shellScript = "if [[ \"$(uname -m)\" == arm64 ]]; then\n    export PATH=\"/opt/homebrew/bin:$PATH\"\nfi\n\nif which swiftformat > /dev/null; then\n  swiftformat .\nelse\n  echo \"warning: SwiftFormat not installed, download from https://github.com/nicklockwood/SwiftFormat\"\nfi\n";
			showEnvVarsInLog = 0;
		};
/* End PBXShellScriptBuildPhase section */

/* Begin PBXSourcesBuildPhase section */
		DAA417D32B7146B400CF714D /* Sources */ = {
			isa = PBXSourcesBuildPhase;
			buildActionMask = 2147483647;
			files = (
				8BDA18A12B7E5EF8009F0961 /* UIViewController+Extension.swift in Sources */,
				DA92411F2B837AAB00F30C77 /* 1Model.swift in Sources */,
				DA9241202B837AAB00F30C77 /* 1UIViewController+Extension.swift in Sources */,
				DA87556F2B7DF649009B8CFF /* ProfileViewController.swift in Sources */,
				DA9241192B837AAB00F30C77 /* 1CartViewController.swift in Sources */,
				DA92411A2B837AAB00F30C77 /* 1SizeViewController.swift in Sources */,
				DA92411E2B837AAB00F30C77 /* 1ShoesViewController.swift in Sources */,
				DA9241212B837AAB00F30C77 /* 1CatalogViewController.swift in Sources */,
				8BDA18A32B7E849B009F0961 /* UserDataViewController.swift in Sources */,
				8BCD91CF2B7F0FB500EF5B6B /* FootSize.swift in Sources */,
				8BDA18962B7E3C4B009F0961 /* MainTabBarController.swift in Sources */,
				8BDA189E2B7E4D25009F0961 /* UIView+Extention.swift in Sources */,
				DAA417DB2B7146B400CF714D /* AppDelegate.swift in Sources */,
				DAA417DD2B7146B400CF714D /* SceneDelegate.swift in Sources */,
			);
			runOnlyForDeploymentPostprocessing = 0;
		};
/* End PBXSourcesBuildPhase section */

/* Begin PBXVariantGroup section */
		DAA417E52B7146B600CF714D /* LaunchScreen.storyboard */ = {
			isa = PBXVariantGroup;
			children = (
				DAA417E62B7146B600CF714D /* Base */,
			);
			name = LaunchScreen.storyboard;
			sourceTree = "<group>";
		};
/* End PBXVariantGroup section */

/* Begin XCBuildConfiguration section */
		DAA417E92B7146B600CF714D /* Debug */ = {
			isa = XCBuildConfiguration;
			buildSettings = {
				ALWAYS_SEARCH_USER_PATHS = NO;
				CLANG_ANALYZER_NONNULL = YES;
				CLANG_ANALYZER_NUMBER_OBJECT_CONVERSION = YES_AGGRESSIVE;
				CLANG_CXX_LANGUAGE_STANDARD = "gnu++20";
				CLANG_ENABLE_MODULES = YES;
				CLANG_ENABLE_OBJC_ARC = YES;
				CLANG_ENABLE_OBJC_WEAK = YES;
				CLANG_WARN_BLOCK_CAPTURE_AUTORELEASING = YES;
				CLANG_WARN_BOOL_CONVERSION = YES;
				CLANG_WARN_COMMA = YES;
				CLANG_WARN_CONSTANT_CONVERSION = YES;
				CLANG_WARN_DEPRECATED_OBJC_IMPLEMENTATIONS = YES;
				CLANG_WARN_DIRECT_OBJC_ISA_USAGE = YES_ERROR;
				CLANG_WARN_DOCUMENTATION_COMMENTS = YES;
				CLANG_WARN_EMPTY_BODY = YES;
				CLANG_WARN_ENUM_CONVERSION = YES;
				CLANG_WARN_INFINITE_RECURSION = YES;
				CLANG_WARN_INT_CONVERSION = YES;
				CLANG_WARN_NON_LITERAL_NULL_CONVERSION = YES;
				CLANG_WARN_OBJC_IMPLICIT_RETAIN_SELF = YES;
				CLANG_WARN_OBJC_LITERAL_CONVERSION = YES;
				CLANG_WARN_OBJC_ROOT_CLASS = YES_ERROR;
				CLANG_WARN_QUOTED_INCLUDE_IN_FRAMEWORK_HEADER = YES;
				CLANG_WARN_RANGE_LOOP_ANALYSIS = YES;
				CLANG_WARN_STRICT_PROTOTYPES = YES;
				CLANG_WARN_SUSPICIOUS_MOVE = YES;
				CLANG_WARN_UNGUARDED_AVAILABILITY = YES_AGGRESSIVE;
				CLANG_WARN_UNREACHABLE_CODE = YES;
				CLANG_WARN__DUPLICATE_METHOD_MATCH = YES;
				COPY_PHASE_STRIP = NO;
				DEBUG_INFORMATION_FORMAT = dwarf;
				ENABLE_STRICT_OBJC_MSGSEND = YES;
				ENABLE_TESTABILITY = YES;
				GCC_C_LANGUAGE_STANDARD = gnu11;
				GCC_DYNAMIC_NO_PIC = NO;
				GCC_NO_COMMON_BLOCKS = YES;
				GCC_OPTIMIZATION_LEVEL = 0;
				GCC_PREPROCESSOR_DEFINITIONS = (
					"DEBUG=1",
					"$(inherited)",
				);
				GCC_WARN_64_TO_32_BIT_CONVERSION = YES;
				GCC_WARN_ABOUT_RETURN_TYPE = YES_ERROR;
				GCC_WARN_UNDECLARED_SELECTOR = YES;
				GCC_WARN_UNINITIALIZED_AUTOS = YES_AGGRESSIVE;
				GCC_WARN_UNUSED_FUNCTION = YES;
				GCC_WARN_UNUSED_VARIABLE = YES;
				IPHONEOS_DEPLOYMENT_TARGET = 17.2;
				MTL_ENABLE_DEBUG_INFO = INCLUDE_SOURCE;
				MTL_FAST_MATH = YES;
				ONLY_ACTIVE_ARCH = NO;
				SDKROOT = iphoneos;
				SWIFT_ACTIVE_COMPILATION_CONDITIONS = DEBUG;
				SWIFT_OPTIMIZATION_LEVEL = "-Onone";
			};
			name = Debug;
		};
		DAA417EA2B7146B600CF714D /* Release */ = {
			isa = XCBuildConfiguration;
			buildSettings = {
				ALWAYS_SEARCH_USER_PATHS = NO;
				CLANG_ANALYZER_NONNULL = YES;
				CLANG_ANALYZER_NUMBER_OBJECT_CONVERSION = YES_AGGRESSIVE;
				CLANG_CXX_LANGUAGE_STANDARD = "gnu++20";
				CLANG_ENABLE_MODULES = YES;
				CLANG_ENABLE_OBJC_ARC = YES;
				CLANG_ENABLE_OBJC_WEAK = YES;
				CLANG_WARN_BLOCK_CAPTURE_AUTORELEASING = YES;
				CLANG_WARN_BOOL_CONVERSION = YES;
				CLANG_WARN_COMMA = YES;
				CLANG_WARN_CONSTANT_CONVERSION = YES;
				CLANG_WARN_DEPRECATED_OBJC_IMPLEMENTATIONS = YES;
				CLANG_WARN_DIRECT_OBJC_ISA_USAGE = YES_ERROR;
				CLANG_WARN_DOCUMENTATION_COMMENTS = YES;
				CLANG_WARN_EMPTY_BODY = YES;
				CLANG_WARN_ENUM_CONVERSION = YES;
				CLANG_WARN_INFINITE_RECURSION = YES;
				CLANG_WARN_INT_CONVERSION = YES;
				CLANG_WARN_NON_LITERAL_NULL_CONVERSION = YES;
				CLANG_WARN_OBJC_IMPLICIT_RETAIN_SELF = YES;
				CLANG_WARN_OBJC_LITERAL_CONVERSION = YES;
				CLANG_WARN_OBJC_ROOT_CLASS = YES_ERROR;
				CLANG_WARN_QUOTED_INCLUDE_IN_FRAMEWORK_HEADER = YES;
				CLANG_WARN_RANGE_LOOP_ANALYSIS = YES;
				CLANG_WARN_STRICT_PROTOTYPES = YES;
				CLANG_WARN_SUSPICIOUS_MOVE = YES;
				CLANG_WARN_UNGUARDED_AVAILABILITY = YES_AGGRESSIVE;
				CLANG_WARN_UNREACHABLE_CODE = YES;
				CLANG_WARN__DUPLICATE_METHOD_MATCH = YES;
				COPY_PHASE_STRIP = NO;
				DEBUG_INFORMATION_FORMAT = "dwarf-with-dsym";
				ENABLE_NS_ASSERTIONS = NO;
				ENABLE_STRICT_OBJC_MSGSEND = YES;
				GCC_C_LANGUAGE_STANDARD = gnu11;
				GCC_NO_COMMON_BLOCKS = YES;
				GCC_WARN_64_TO_32_BIT_CONVERSION = YES;
				GCC_WARN_ABOUT_RETURN_TYPE = YES_ERROR;
				GCC_WARN_UNDECLARED_SELECTOR = YES;
				GCC_WARN_UNINITIALIZED_AUTOS = YES_AGGRESSIVE;
				GCC_WARN_UNUSED_FUNCTION = YES;
				GCC_WARN_UNUSED_VARIABLE = YES;
				IPHONEOS_DEPLOYMENT_TARGET = 17.2;
				MTL_ENABLE_DEBUG_INFO = NO;
				MTL_FAST_MATH = YES;
				ONLY_ACTIVE_ARCH = NO;
				SDKROOT = iphoneos;
				SWIFT_COMPILATION_MODE = wholemodule;
				SWIFT_OPTIMIZATION_LEVEL = "-O";
				VALIDATE_PRODUCT = YES;
			};
			name = Release;
		};
		DAA417EC2B7146B600CF714D /* Debug */ = {
			isa = XCBuildConfiguration;
			buildSettings = {
				ASSETCATALOG_COMPILER_APPICON_NAME = AppIcon;
				ASSETCATALOG_COMPILER_GLOBAL_ACCENT_COLOR_NAME = AccentColor;
				CODE_SIGN_STYLE = Automatic;
				CURRENT_PROJECT_VERSION = 1;
				GENERATE_INFOPLIST_FILE = YES;
				INFOPLIST_FILE = UIKitDZ/Info.plist;
				INFOPLIST_KEY_UIApplicationSupportsIndirectInputEvents = YES;
				INFOPLIST_KEY_UILaunchStoryboardName = LaunchScreen;
				INFOPLIST_KEY_UIMainStoryboardFile = "";
				INFOPLIST_KEY_UISupportedInterfaceOrientations_iPad = "UIInterfaceOrientationPortrait UIInterfaceOrientationPortraitUpsideDown UIInterfaceOrientationLandscapeLeft UIInterfaceOrientationLandscapeRight";
				INFOPLIST_KEY_UISupportedInterfaceOrientations_iPhone = "UIInterfaceOrientationPortrait UIInterfaceOrientationLandscapeLeft UIInterfaceOrientationLandscapeRight";
				IPHONEOS_DEPLOYMENT_TARGET = 16.1;
				LD_RUNPATH_SEARCH_PATHS = (
					"$(inherited)",
					"@executable_path/Frameworks",
				);
				MARKETING_VERSION = 1.0;
				PRODUCT_BUNDLE_IDENTIFIER = "-1.UIKitDZ";
				PRODUCT_NAME = "$(TARGET_NAME)";
				SWIFT_EMIT_LOC_STRINGS = YES;
				SWIFT_VERSION = 5.0;
				TARGETED_DEVICE_FAMILY = "1,2";
			};
			name = Debug;
		};
		DAA417ED2B7146B600CF714D /* Release */ = {
			isa = XCBuildConfiguration;
			buildSettings = {
				ASSETCATALOG_COMPILER_APPICON_NAME = AppIcon;
				ASSETCATALOG_COMPILER_GLOBAL_ACCENT_COLOR_NAME = AccentColor;
				CODE_SIGN_STYLE = Automatic;
				CURRENT_PROJECT_VERSION = 1;
				GENERATE_INFOPLIST_FILE = YES;
				INFOPLIST_FILE = UIKitDZ/Info.plist;
				INFOPLIST_KEY_UIApplicationSupportsIndirectInputEvents = YES;
				INFOPLIST_KEY_UILaunchStoryboardName = LaunchScreen;
				INFOPLIST_KEY_UIMainStoryboardFile = "";
				INFOPLIST_KEY_UISupportedInterfaceOrientations_iPad = "UIInterfaceOrientationPortrait UIInterfaceOrientationPortraitUpsideDown UIInterfaceOrientationLandscapeLeft UIInterfaceOrientationLandscapeRight";
				INFOPLIST_KEY_UISupportedInterfaceOrientations_iPhone = "UIInterfaceOrientationPortrait UIInterfaceOrientationLandscapeLeft UIInterfaceOrientationLandscapeRight";
				IPHONEOS_DEPLOYMENT_TARGET = 16.1;
				LD_RUNPATH_SEARCH_PATHS = (
					"$(inherited)",
					"@executable_path/Frameworks",
				);
				MARKETING_VERSION = 1.0;
				PRODUCT_BUNDLE_IDENTIFIER = "-1.UIKitDZ";
				PRODUCT_NAME = "$(TARGET_NAME)";
				SWIFT_EMIT_LOC_STRINGS = YES;
				SWIFT_VERSION = 5.0;
				TARGETED_DEVICE_FAMILY = "1,2";
			};
			name = Release;
		};
/* End XCBuildConfiguration section */

/* Begin XCConfigurationList section */
		DAA417D22B7146B400CF714D /* Build configuration list for PBXProject "UIKitDZ" */ = {
			isa = XCConfigurationList;
			buildConfigurations = (
				DAA417E92B7146B600CF714D /* Debug */,
				DAA417EA2B7146B600CF714D /* Release */,
			);
			defaultConfigurationIsVisible = 0;
			defaultConfigurationName = Release;
		};
		DAA417EB2B7146B600CF714D /* Build configuration list for PBXNativeTarget "UIKitDZ" */ = {
			isa = XCConfigurationList;
			buildConfigurations = (
				DAA417EC2B7146B600CF714D /* Debug */,
				DAA417ED2B7146B600CF714D /* Release */,
			);
			defaultConfigurationIsVisible = 0;
			defaultConfigurationName = Release;
		};
/* End XCConfigurationList section */
	};
	rootObject = DAA417CF2B7146B400CF714D /* Project object */;
}
